
Microsoft Visual Studio Solution File, Format Version 12.00
# Visual Studio Version 16
VisualStudioVersion = 16.0.31624.102
MinimumVisualStudioVersion = 10.0.40219.1
Project("{FAE04EC0-301F-11D3-BF4B-00C04F79EFBC}") = "ASS", "ASS.csproj", "{6BC17A7F-6705-44E1-B65E-6DC25FEF58BD}"
EndProject
Global
	GlobalSection(SolutionConfigurationPlatforms) = preSolution
		Debug|Any CPU = Debug|Any CPU
		Release|Any CPU = Release|Any CPU
	EndGlobalSection
	GlobalSection(ProjectConfigurationPlatforms) = postSolution
		{6BC17A7F-6705-44E1-B65E-6DC25FEF58BD}.Debug|Any CPU.ActiveCfg = Debug|Any CPU
		{6BC17A7F-6705-44E1-B65E-6DC25FEF58BD}.Debug|Any CPU.Build.0 = Debug|Any CPU
		{6BC17A7F-6705-44E1-B65E-6DC25FEF58BD}.Release|Any CPU.ActiveCfg = Release|Any CPU
		{6BC17A7F-6705-44E1-B65E-6DC25FEF58BD}.Release|Any CPU.Build.0 = Release|Any CPU
	EndGlobalSection
	GlobalSection(SolutionProperties) = preSolution
		HideSolutionNode = FALSE
	EndGlobalSection
	GlobalSection(ExtensibilityGlobals) = postSolution
		SolutionGuid = {50C2B74E-E0AA-45A1-886D-A0B5CC98F5D9}
	EndGlobalSection
EndGlobal
